
Microsoft Visual Studio Solution File, Format Version 12.00
# Visual Studio Version 17
VisualStudioVersion = 17.8.34511.84
MinimumVisualStudioVersion = 10.0.40219.1
Project("{2150E333-8FDC-42A3-9474-1A3956D46DE8}") = "src", "src", "{89E3E33D-FD8C-463B-892D-12124F917AC2}"
EndProject
Project("{9A19103F-16F7-4668-BE54-9A1E7A4F7556}") = "CleanArchitectureBlazor.Domain", "CleanArchitectureBlazor.Domain\CleanArchitectureBlazor.Domain.csproj", "{6F706309-E829-48C9-A16C-078BA735573A}"
EndProject
Project("{9A19103F-16F7-4668-BE54-9A1E7A4F7556}") = "CleanArchitectureBlazor.Application", "CleanArchitectureBlazor.Application\CleanArchitectureBlazor.Application.csproj", "{946C6CF9-A888-4F5E-A907-2DE4C36CEF65}"
EndProject
Project("{9A19103F-16F7-4668-BE54-9A1E7A4F7556}") = "CleanArchitectureBlazor.Infrastructure", "CleanArchitectureBlazor.Infrastructure\CleanArchitectureBlazor.Infrastructure.csproj", "{BB34238E-14CB-44D9-8FA0-EFC4D14D495C}"
EndProject
Project("{9A19103F-16F7-4668-BE54-9A1E7A4F7556}") = "CleanArchitectureBlazor.WebApp", "CleanArchitectureBlazor.WebApp\CleanArchitectureBlazor.WebApp\CleanArchitectureBlazor.WebApp.csproj", "{C92E728E-61D3-4113-8B71-74771F3CBFC6}"
EndProject
Project("{9A19103F-16F7-4668-BE54-9A1E7A4F7556}") = "CleanArchitectureBlazor.WebApp.Client", "CleanArchitectureBlazor.WebApp\CleanArchitectureBlazor.WebApp.Client\CleanArchitectureBlazor.WebApp.Client.csproj", "{BF8FD864-ACD1-459D-947B-9E86E67AC6C0}"
EndProject
Global
	GlobalSection(SolutionConfigurationPlatforms) = preSolution
		Debug|Any CPU = Debug|Any CPU
		Release|Any CPU = Release|Any CPU
	EndGlobalSection
	GlobalSection(ProjectConfigurationPlatforms) = postSolution
		{6F706309-E829-48C9-A16C-078BA735573A}.Debug|Any CPU.ActiveCfg = Debug|Any CPU
		{6F706309-E829-48C9-A16C-078BA735573A}.Debug|Any CPU.Build.0 = Debug|Any CPU
		{6F706309-E829-48C9-A16C-078BA735573A}.Release|Any CPU.ActiveCfg = Release|Any CPU
		{6F706309-E829-48C9-A16C-078BA735573A}.Release|Any CPU.Build.0 = Release|Any CPU
		{946C6CF9-A888-4F5E-A907-2DE4C36CEF65}.Debug|Any CPU.ActiveCfg = Debug|Any CPU
		{946C6CF9-A888-4F5E-A907-2DE4C36CEF65}.Debug|Any CPU.Build.0 = Debug|Any CPU
		{946C6CF9-A888-4F5E-A907-2DE4C36CEF65}.Release|Any CPU.ActiveCfg = Release|Any CPU
		{946C6CF9-A888-4F5E-A907-2DE4C36CEF65}.Release|Any CPU.Build.0 = Release|Any CPU
		{BB34238E-14CB-44D9-8FA0-EFC4D14D495C}.Debug|Any CPU.ActiveCfg = Debug|Any CPU
		{BB34238E-14CB-44D9-8FA0-EFC4D14D495C}.Debug|Any CPU.Build.0 = Debug|Any CPU
		{BB34238E-14CB-44D9-8FA0-EFC4D14D495C}.Release|Any CPU.ActiveCfg = Release|Any CPU
		{BB34238E-14CB-44D9-8FA0-EFC4D14D495C}.Release|Any CPU.Build.0 = Release|Any CPU
		{C92E728E-61D3-4113-8B71-74771F3CBFC6}.Debug|Any CPU.ActiveCfg = Debug|Any CPU
		{C92E728E-61D3-4113-8B71-74771F3CBFC6}.Debug|Any CPU.Build.0 = Debug|Any CPU
		{C92E728E-61D3-4113-8B71-74771F3CBFC6}.Release|Any CPU.ActiveCfg = Release|Any CPU
		{C92E728E-61D3-4113-8B71-74771F3CBFC6}.Release|Any CPU.Build.0 = Release|Any CPU
		{BF8FD864-ACD1-459D-947B-9E86E67AC6C0}.Debug|Any CPU.ActiveCfg = Debug|Any CPU
		{BF8FD864-ACD1-459D-947B-9E86E67AC6C0}.Debug|Any CPU.Build.0 = Debug|Any CPU
		{BF8FD864-ACD1-459D-947B-9E86E67AC6C0}.Release|Any CPU.ActiveCfg = Release|Any CPU
		{BF8FD864-ACD1-459D-947B-9E86E67AC6C0}.Release|Any CPU.Build.0 = Release|Any CPU
	EndGlobalSection
	GlobalSection(SolutionProperties) = preSolution
		HideSolutionNode = FALSE
	EndGlobalSection
	GlobalSection(NestedProjects) = preSolution
		{6F706309-E829-48C9-A16C-078BA735573A} = {89E3E33D-FD8C-463B-892D-12124F917AC2}
		{946C6CF9-A888-4F5E-A907-2DE4C36CEF65} = {89E3E33D-FD8C-463B-892D-12124F917AC2}
		{BB34238E-14CB-44D9-8FA0-EFC4D14D495C} = {89E3E33D-FD8C-463B-892D-12124F917AC2}
		{C92E728E-61D3-4113-8B71-74771F3CBFC6} = {89E3E33D-FD8C-463B-892D-12124F917AC2}
		{BF8FD864-ACD1-459D-947B-9E86E67AC6C0} = {89E3E33D-FD8C-463B-892D-12124F917AC2}
	EndGlobalSection
	GlobalSection(ExtensibilityGlobals) = postSolution
		SolutionGuid = {308A2340-EE4C-4DC9-8D6A-7447EDF2AE65}
	EndGlobalSection
EndGlobal
